
Microsoft Visual Studio Solution File, Format Version 12.00
# Visual Studio 14
VisualStudioVersion = 14.0.25123.0
MinimumVisualStudioVersion = 10.0.40219.1
Project("{FAE04EC0-301F-11D3-BF4B-00C04F79EFBC}") = "GalleryLocal", "Gallery\GalleryLocal.csproj", "{F78E9A40-8CE2-491A-BA97-28B55E688FF8}"
EndProject
Project("{FAE04EC0-301F-11D3-BF4B-00C04F79EFBC}") = "GalleryAPI", "GalleryAPI\GalleryAPI.csproj", "{F465AB97-67E3-45B5-8EF7-BCE98E227069}"
EndProject
Project("{FAE04EC0-301F-11D3-BF4B-00C04F79EFBC}") = "WebApp", "WebApp\WebApp.csproj", "{7E31254B-E68A-4812-A81B-8F5D0215F341}"
EndProject
Global
	GlobalSection(SolutionConfigurationPlatforms) = preSolution
		Debug|Any CPU = Debug|Any CPU
		Release|Any CPU = Release|Any CPU
	EndGlobalSection
	GlobalSection(ProjectConfigurationPlatforms) = postSolution
		{F78E9A40-8CE2-491A-BA97-28B55E688FF8}.Debug|Any CPU.ActiveCfg = Debug|Any CPU
		{F78E9A40-8CE2-491A-BA97-28B55E688FF8}.Debug|Any CPU.Build.0 = Debug|Any CPU
		{F78E9A40-8CE2-491A-BA97-28B55E688FF8}.Debug|Any CPU.Deploy.0 = Debug|Any CPU
		{F78E9A40-8CE2-491A-BA97-28B55E688FF8}.Release|Any CPU.ActiveCfg = Release|Any CPU
		{F78E9A40-8CE2-491A-BA97-28B55E688FF8}.Release|Any CPU.Build.0 = Release|Any CPU
		{F78E9A40-8CE2-491A-BA97-28B55E688FF8}.Release|Any CPU.Deploy.0 = Release|Any CPU
		{F465AB97-67E3-45B5-8EF7-BCE98E227069}.Debug|Any CPU.ActiveCfg = Debug|Any CPU
		{F465AB97-67E3-45B5-8EF7-BCE98E227069}.Debug|Any CPU.Build.0 = Debug|Any CPU
		{F465AB97-67E3-45B5-8EF7-BCE98E227069}.Debug|Any CPU.Deploy.0 = Debug|Any CPU
		{F465AB97-67E3-45B5-8EF7-BCE98E227069}.Release|Any CPU.ActiveCfg = Release|Any CPU
		{F465AB97-67E3-45B5-8EF7-BCE98E227069}.Release|Any CPU.Build.0 = Release|Any CPU
		{F465AB97-67E3-45B5-8EF7-BCE98E227069}.Release|Any CPU.Deploy.0 = Release|Any CPU
		{7E31254B-E68A-4812-A81B-8F5D0215F341}.Debug|Any CPU.ActiveCfg = Debug|Any CPU
		{7E31254B-E68A-4812-A81B-8F5D0215F341}.Debug|Any CPU.Build.0 = Debug|Any CPU
		{7E31254B-E68A-4812-A81B-8F5D0215F341}.Release|Any CPU.ActiveCfg = Release|Any CPU
		{7E31254B-E68A-4812-A81B-8F5D0215F341}.Release|Any CPU.Build.0 = Release|Any CPU
	EndGlobalSection
	GlobalSection(SolutionProperties) = preSolution
		HideSolutionNode = FALSE
	EndGlobalSection
EndGlobal
